{
  "name": "hp-find-core-frontend",
  "lockfileVersion": 3,
  "requires": true,
  "packages": {
    "": {
      "name": "hp-find-core-frontend",
      "license": "MIT",
      "dependencies": {
        "backbone": "1.2.3",
        "bootstrap": "3.4.1",
        "bootstrap-slider": "6.1.7",
        "bowser": "1.0.0",
        "chosen-js": "1.5.1",
        "corejs-typeahead": "1.0.1",
        "d3": "3.5.17",
        "datatables.net-fixedcolumns": "3.3.3",
        "datatables.net-fixedcolumns-bs": "3.3.3",
        "datatables.net-plugins": "1.13.6",
        "dropzone": "4.3.0",
        "eonasdan-bootstrap-datetimepicker": "4.17.49",
        "flot": "0.8.3",
        "font-awesome": "4.5.0",
        "handlebars": "4.7.8",
        "hp-autonomy-about-page": "opentext-idol/js-about-page#0.4.0",
        "hp-autonomy-fieldtext-js": "opentext-idol/fieldtext-js#1.8.0",
        "hp-autonomy-js-databases-view": "opentext-idol/js-databases-view#0.13.0",
        "hp-autonomy-js-parametric-refinement": "opentext-idol/js-parametric-refinement#2.2.0",
        "hp-autonomy-js-whatever": "opentext-idol/jsWhatever#2.14.0",
        "hp-autonomy-login-page": "opentext-idol/login-page#1.4.0",
        "hp-autonomy-settings-page": "opentext-idol/settings-page#0.15.0",
        "hp-autonomy-sunburst": "opentext-idol/sunburst#2.2.0",
        "hp-autonomy-topic-map": "opentext-idol/topic-map#1.6.0",
        "html2canvas": "niklasvh/html2canvas#0.4.1",
        "icheck": "1.0.2",
        "jquery": "3.7.1",
        "leaflet": "1.0.3",
        "leaflet-draw": "0.4.9",
        "leaflet.awesome-markers": "2.0.5",
        "leaflet.markercluster": "1.0.4",
        "leaflet.markercluster.layersupport": "1.0.3",
        "metismenu": "2.5.2",
        "moment": "2.29.4",
        "moment-timezone": "0.5.43",
        "qs": "6.11.0",
        "requirejs": "2.3.7",
        "requirejs-i18n": "requirejs/i18n#2.0.6",
        "requirejs-text": "2.0.15",
        "underscore": "1.13.6",
        "uuidjs": "4.2.6"
      },
      "devDependencies": {
        "hp-autonomy-js-testing-utils": "opentext-idol/js-testing-utils#2.5.0",
        "jasmine-ajax": "3.2.0",
        "jasmine-jquery": "2.1.0"
      }
    },
    "node_modules/@types/jquery": {
      "version": "3.5.30",
      "resolved": "https://registry.npmjs.org/@types/jquery/-/jquery-3.5.30.tgz",
      "integrity": "sha512-nbWKkkyb919DOUxjmRVk8vwtDb0/k8FKncmUKFi+NY+QXqWltooxTrswvz4LspQwxvLdvzBN1TImr6cw3aQx2A==",
      "license": "MIT",
      "dependencies": {
        "@types/sizzle": "*"
      }
    },
    "node_modules/@types/sizzle": {
      "version": "2.3.8",
      "resolved": "https://registry.npmjs.org/@types/sizzle/-/sizzle-2.3.8.tgz",
      "integrity": "sha512-0vWLNK2D5MT9dg0iOo8GlKguPAU02QjmZitPEsXRuJXU/OGIOt9vT9Fc26wtYuavLxtO45v9PGleoL9Z0k1LHg==",
      "license": "MIT"
    },
    "node_modules/backbone": {
      "version": "1.2.3",
      "resolved": "https://registry.npmjs.org/backbone/-/backbone-1.2.3.tgz",
      "integrity": "sha512-1/eXj4agG79UDN7TWnZXcGD6BJrBwLZKCX7zYcBIy9jWf4mrtVkw7IE1VOYFnrKahsmPF9L55Tib9IQRvk027w==",
      "license": "MIT",
      "dependencies": {
        "underscore": ">=1.7.0"
      }
    },
    "node_modules/balanced-match": {
      "version": "1.0.2",
      "resolved": "https://registry.npmjs.org/balanced-match/-/balanced-match-1.0.2.tgz",
      "integrity": "sha512-3oSeUO0TMV67hN1AmbXsK4yaqU7tjiHlbxRDZOpH0KW9+CeX4bRAaX0Anxt0tx2MrpRpWwQaPwIlISEJhYU5Pw==",
      "dev": true,
      "license": "MIT"
    },
    "node_modules/bootstrap": {
      "version": "3.4.1",
      "resolved": "https://registry.npmjs.org/bootstrap/-/bootstrap-3.4.1.tgz",
      "integrity": "sha512-yN5oZVmRCwe5aKwzRj6736nSmKDX7pLYwsXiCj/EYmo16hODaBiT4En5btW/jhBF/seV+XMx3aYwukYC3A49DA==",
      "license": "MIT",
      "engines": {
        "node": ">=6"
      }
    },
    "node_modules/bootstrap-slider": {
      "version": "6.1.7",
      "resolved": "https://registry.npmjs.org/bootstrap-slider/-/bootstrap-slider-6.1.7.tgz",
      "integrity": "sha512-qi0/pAJlvSCO6V1AOkoGkTnL3VwXiomOMjB+2pviAt7JgDWnWtQ8oJRfJsdXiJq48AxTSLAYkwThboPvoOi2kg==",
      "license": "MIT"
    },
    "node_modules/bowser": {
      "version": "1.0.0",
      "resolved": "https://registry.npmjs.org/bowser/-/bowser-1.0.0.tgz",
      "integrity": "sha512-fcFXL0wpFFE1p3ohcUoOMhmnz1DivT+S8wn8+Ksz2Ze6QMxW/U3Za11F5NJQgbRmzVN6LlFgpsGMRtX8emZEfQ==",
      "license": "MIT"
    },
    "node_modules/brace-expansion": {
      "version": "1.1.11",
      "resolved": "https://registry.npmjs.org/brace-expansion/-/brace-expansion-1.1.11.tgz",
      "integrity": "sha512-iCuPHDFgrHX7H2vEI/5xpz07zSHB00TpugqhmYtVmMO6518mCuRMoOYFldEBl0g187ufozdaHgWKcYFb61qGiA==",
      "dev": true,
      "license": "MIT",
      "dependencies": {
        "balanced-match": "^1.0.0",
        "concat-map": "0.0.1"
      }
    },
    "node_modules/call-bind": {
      "version": "1.0.7",
      "resolved": "https://registry.npmjs.org/call-bind/-/call-bind-1.0.7.tgz",
      "integrity": "sha512-GHTSNSYICQ7scH7sZ+M2rFopRoLh8t2bLSW6BbgrtLsahOIB5iyAVJf9GjWK3cYTDaMj4XdBpM1cA6pIS0Kv2w==",
      "license": "MIT",
      "dependencies": {
        "es-define-property": "^1.0.0",
        "es-errors": "^1.3.0",
        "function-bind": "^1.1.2",
        "get-intrinsic": "^1.2.4",
        "set-function-length": "^1.2.1"
      },
      "engines": {
        "node": ">= 0.4"
      },
      "funding": {
        "url": "https://github.com/sponsors/ljharb"
      }
    },
    "node_modules/chosen-js": {
      "version": "1.5.1",
      "resolved": "https://registry.npmjs.org/chosen-js/-/chosen-js-1.5.1.tgz",
      "integrity": "sha512-IEkWKRinD4ii4DR+fxiHt0h4geKgLa7kXqw8xX+StX6xCwOP3evhk2K+y6OVUZvu7Ek1/+xelxcc7/8vOn5lDQ==",
      "license": "MIT",
      "dependencies": {
        "jquery": ">=1.4.4"
      }
    },
    "node_modules/concat-map": {
      "version": "0.0.1",
      "resolved": "https://registry.npmjs.org/concat-map/-/concat-map-0.0.1.tgz",
      "integrity": "sha512-/Srv4dswyQNBfohGpz9o6Yb3Gz3SrUDqBH5rTuhGR7ahtlbYKnVxw2bCFMRljaA7EXHaXZ8wsHdodFvbkhKmqg==",
      "dev": true,
      "license": "MIT"
    },
    "node_modules/corejs-typeahead": {
      "version": "1.0.1",
      "resolved": "https://registry.npmjs.org/corejs-typeahead/-/corejs-typeahead-1.0.1.tgz",
      "integrity": "sha512-jgVno+SR33bxSKL2F3nDAT3OgUzo2BZLgk2ugkyzV3JMjq5Wx1s/NBDANv2HhhTrwe4pRnnOA2yC5P5HLlo5UA==",
      "license": "MIT",
      "dependencies": {
        "jquery": ">=1.7"
      }
    },
    "node_modules/d3": {
      "version": "3.5.17",
      "resolved": "https://registry.npmjs.org/d3/-/d3-3.5.17.tgz",
      "integrity": "sha512-yFk/2idb8OHPKkbAL8QaOaqENNoMhIaSHZerk3oQsECwkObkCpJyjYwCe+OHiq6UEdhe1m8ZGARRRO3ljFjlKg==",
      "license": "BSD-3-Clause"
    },
    "node_modules/datatables.net": {
      "version": "1.13.11",
      "resolved": "https://registry.npmjs.org/datatables.net/-/datatables.net-1.13.11.tgz",
      "integrity": "sha512-AE6RkMXziRaqzPcu/pl3SJXeRa6fmXQG/fVjuRESujvkzqDCYEeKTTpPMuVJSGYJpPi32WGSphVNNY1G4nSN/g==",
      "license": "MIT",
      "dependencies": {
        "jquery": "1.8 - 4"
      }
    },
    "node_modules/datatables.net-bs": {
      "version": "1.13.11",
      "resolved": "https://registry.npmjs.org/datatables.net-bs/-/datatables.net-bs-1.13.11.tgz",
      "integrity": "sha512-oZeXzC2Z+pZc9Wpil6XuuwMPMfllSd+hWEauhKr8q7bTM5fGuBKzAVzSr7Tuo1OzMBZ6NkAb+HSBGCGUn5Qbhg==",
      "license": "MIT",
      "dependencies": {
        "datatables.net": "1.13.11",
        "jquery": "1.8 - 4"
      }
    },
    "node_modules/datatables.net-fixedcolumns": {
      "version": "3.3.3",
      "resolved": "https://registry.npmjs.org/datatables.net-fixedcolumns/-/datatables.net-fixedcolumns-3.3.3.tgz",
      "integrity": "sha512-xo6MeI2xc/Ufk4ffrpao+OiPo8/GPB8cO80gA6NFgYBVw6eP9pPa2NsV+gSWRVr7d3A8iZC7mUZT5WdtliNHEA==",
      "license": "MIT",
      "dependencies": {
        "datatables.net": "^1.10.15",
        "jquery": ">=1.7"
      }
    },
    "node_modules/datatables.net-fixedcolumns-bs": {
      "version": "3.3.3",
      "resolved": "https://registry.npmjs.org/datatables.net-fixedcolumns-bs/-/datatables.net-fixedcolumns-bs-3.3.3.tgz",
      "integrity": "sha512-zfole9o2zTPzfHVrGCFuKos+n5i+pyj5gXpdTaEWWv11+3Cn6ssA6YCXJJHPREIS5VI30tgnnh/hAkFUjjfj7w==",
      "license": "MIT",
      "dependencies": {
        "datatables.net-bs": "^1.10.15",
        "datatables.net-fixedcolumns": "3.3.3",
        "jquery": ">=1.7"
      }
    },
    "node_modules/datatables.net-plugins": {
      "version": "1.13.6",
      "resolved": "https://registry.npmjs.org/datatables.net-plugins/-/datatables.net-plugins-1.13.6.tgz",
      "integrity": "sha512-CPLH+09OiEAP3PKbZH7u2qcLajgHhy4fBHCdLzjGWJwKbIkhaPu7tby4jZHQXqoolUznbm3TEpJj4eMI1eqcGw==",
      "license": "MIT",
      "dependencies": {
        "@types/jquery": "^3.5.16",
        "datatables.net": "^1.13.2"
      }
    },
    "node_modules/define-data-property": {
      "version": "1.1.4",
      "resolved": "https://registry.npmjs.org/define-data-property/-/define-data-property-1.1.4.tgz",
      "integrity": "sha512-rBMvIzlpA8v6E+SJZoo++HAYqsLrkg7MSfIinMPFhmkorw7X+dOXVJQs+QT69zGkzMyfDnIMN2Wid1+NbL3T+A==",
      "license": "MIT",
      "dependencies": {
        "es-define-property": "^1.0.0",
        "es-errors": "^1.3.0",
        "gopd": "^1.0.1"
      },
      "engines": {
        "node": ">= 0.4"
      },
      "funding": {
        "url": "https://github.com/sponsors/ljharb"
      }
    },
    "node_modules/dropzone": {
      "version": "4.3.0",
      "resolved": "https://registry.npmjs.org/dropzone/-/dropzone-4.3.0.tgz",
      "integrity": "sha512-KAP4sc9wjaU5xLhZ7olSH1ni72IbXk2l9iF9Ai5p3slwDtKTJunKkQpdFg7voyOcUU+6j75xEhHh+yPqd/Z/PA=="
    },
    "node_modules/eonasdan-bootstrap-datetimepicker": {
      "version": "4.17.49",
      "resolved": "https://registry.npmjs.org/eonasdan-bootstrap-datetimepicker/-/eonasdan-bootstrap-datetimepicker-4.17.49.tgz",
      "integrity": "sha512-7KZeDpkj+A6AtPR3XjX8gAnRPUkPSfW0OmMANG1dkUOPMtLSzbyoCjDIdEcfRtQPU5X0D9Gob7wWKn0h4QWy7A==",
      "license": "MIT",
      "dependencies": {
        "bootstrap": "^3.3",
        "jquery": "^3.5.1",
        "moment": "^2.10",
        "moment-timezone": "^0.4.0"
      },
      "peerDependencies": {
        "bootstrap": "^3.3",
        "jquery": "^1.8.3 || ^2.0 || ^3.0",
        "moment": "^2.10",
        "moment-timezone": "^0.4.0 || ^0.5.0"
      }
    },
    "node_modules/es-define-property": {
      "version": "1.0.0",
      "resolved": "https://registry.npmjs.org/es-define-property/-/es-define-property-1.0.0.tgz",
      "integrity": "sha512-jxayLKShrEqqzJ0eumQbVhTYQM27CfT1T35+gCgDFoL82JLsXqTJ76zv6A0YLOgEnLUMvLzsDsGIrl8NFpT2gQ==",
      "license": "MIT",
      "dependencies": {
        "get-intrinsic": "^1.2.4"
      },
      "engines": {
        "node": ">= 0.4"
      }
    },
    "node_modules/es-errors": {
      "version": "1.3.0",
      "resolved": "https://registry.npmjs.org/es-errors/-/es-errors-1.3.0.tgz",
      "integrity": "sha512-Zf5H2Kxt2xjTvbJvP2ZWLEICxA6j+hAmMzIlypy4xcBg1vKVnx89Wy0GbS+kf5cwCVFFzdCFh2XSCFNULS6csw==",
      "license": "MIT",
      "engines": {
        "node": ">= 0.4"
      }
    },
    "node_modules/eve-raphael": {
      "version": "0.5.0",
      "resolved": "https://registry.npmjs.org/eve-raphael/-/eve-raphael-0.5.0.tgz",
      "integrity": "sha512-jrxnPsCGqng1UZuEp9DecX/AuSyAszATSjf4oEcRxvfxa1Oux4KkIPKBAAWWnpdwfARtr+Q0o9aPYWjsROD7ug=="
    },
    "node_modules/exit": {
      "version": "0.1.2",
      "resolved": "https://registry.npmjs.org/exit/-/exit-0.1.2.tgz",
      "integrity": "sha512-Zk/eNKV2zbjpKzrsQ+n1G6poVbErQxJ0LBOJXaKZ1EViLzH+hrLu9cdXI4zw9dBQJslwBEpbQ2P1oS7nDxs6jQ==",
      "dev": true,
      "engines": {
        "node": ">= 0.8.0"
      }
    },
    "node_modules/flot": {
      "version": "0.8.3",
      "resolved": "https://registry.npmjs.org/flot/-/flot-0.8.3.tgz",
      "integrity": "sha512-xg2otcTJDvS+ERK+my4wxG/ASq90QURXtoM4LhacCq0jQW2jbyjdttbRNqU2cPykrpMvJ6b2uSp6SAgYAzj9tQ=="
    },
    "node_modules/font-awesome": {
      "version": "4.5.0",
      "resolved": "https://registry.npmjs.org/font-awesome/-/font-awesome-4.5.0.tgz",
      "integrity": "sha512-XGGY8CN/NT8e5fKOC/K7CESNQ3+2oYOfZqwZcKgEMtcmTiHtFIH+XZWRoU0HtcdwhtSkpWXLfTIUlTdJ4PhX8A==",
      "license": "(OFL-1.1 AND MIT)",
      "engines": {
        "node": ">=0.10.3"
      }
    },
    "node_modules/fs.realpath": {
      "version": "1.0.0",
      "resolved": "https://registry.npmjs.org/fs.realpath/-/fs.realpath-1.0.0.tgz",
      "integrity": "sha512-OO0pH2lK6a0hZnAdau5ItzHPI6pUlvI7jMVnxUQRtw4owF2wk8lOSabtGDCTP4Ggrg2MbGnWO9X8K1t4+fGMDw==",
      "dev": true,
      "license": "ISC"
    },
    "node_modules/function-bind": {
      "version": "1.1.2",
      "resolved": "https://registry.npmjs.org/function-bind/-/function-bind-1.1.2.tgz",
      "integrity": "sha512-7XHNxH7qX9xG5mIwxkhumTox/MIRNcOgDrxWsMt2pAr23WHp6MrRlN7FBSFpCpr+oVO0F744iUgR82nJMfG2SA==",
      "license": "MIT",
      "funding": {
        "url": "https://github.com/sponsors/ljharb"
      }
    },
    "node_modules/get-intrinsic": {
      "version": "1.2.4",
      "resolved": "https://registry.npmjs.org/get-intrinsic/-/get-intrinsic-1.2.4.tgz",
      "integrity": "sha512-5uYhsJH8VJBTv7oslg4BznJYhDoRI6waYCxMmCdnTrcCrHA/fCFKoTFz2JKKE0HdDFUF7/oQuhzumXJK7paBRQ==",
      "license": "MIT",
      "dependencies": {
        "es-errors": "^1.3.0",
        "function-bind": "^1.1.2",
        "has-proto": "^1.0.1",
        "has-symbols": "^1.0.3",
        "hasown": "^2.0.0"
      },
      "engines": {
        "node": ">= 0.4"
      },
      "funding": {
        "url": "https://github.com/sponsors/ljharb"
      }
    },
    "node_modules/glob": {
      "version": "7.2.3",
      "resolved": "https://registry.npmjs.org/glob/-/glob-7.2.3.tgz",
      "integrity": "sha512-nFR0zLpU2YCaRxwoCJvL6UvCH2JFyFVIvwTLsIf21AuHlMskA1hhTdk+LlYJtOlYt9v6dvszD2BGRqBL+iQK9Q==",
      "deprecated": "Glob versions prior to v9 are no longer supported",
      "dev": true,
      "license": "ISC",
      "dependencies": {
        "fs.realpath": "^1.0.0",
        "inflight": "^1.0.4",
        "inherits": "2",
        "minimatch": "^3.1.1",
        "once": "^1.3.0",
        "path-is-absolute": "^1.0.0"
      },
      "engines": {
        "node": "*"
      },
      "funding": {
        "url": "https://github.com/sponsors/isaacs"
      }
    },
    "node_modules/gopd": {
      "version": "1.0.1",
      "resolved": "https://registry.npmjs.org/gopd/-/gopd-1.0.1.tgz",
      "integrity": "sha512-d65bNlIadxvpb/A2abVdlqKqV563juRnZ1Wtk6s1sIR8uNsXR70xqIzVqxVf1eTqDunwT2MkczEeaezCKTZhwA==",
      "license": "MIT",
      "dependencies": {
        "get-intrinsic": "^1.1.3"
      },
      "funding": {
        "url": "https://github.com/sponsors/ljharb"
      }
    },
    "node_modules/handlebars": {
      "version": "4.7.8",
      "resolved": "https://registry.npmjs.org/handlebars/-/handlebars-4.7.8.tgz",
      "integrity": "sha512-vafaFqs8MZkRrSX7sFVUdo3ap/eNiLnb4IakshzvP56X5Nr1iGKAIqdX6tMlm6HcNRIkr6AxO5jFEoJzzpT8aQ==",
      "license": "MIT",
      "dependencies": {
        "minimist": "^1.2.5",
        "neo-async": "^2.6.2",
        "source-map": "^0.6.1",
        "wordwrap": "^1.0.0"
      },
      "bin": {
        "handlebars": "bin/handlebars"
      },
      "engines": {
        "node": ">=0.4.7"
      },
      "optionalDependencies": {
        "uglify-js": "^3.1.4"
      }
    },
    "node_modules/has-property-descriptors": {
      "version": "1.0.2",
      "resolved": "https://registry.npmjs.org/has-property-descriptors/-/has-property-descriptors-1.0.2.tgz",
      "integrity": "sha512-55JNKuIW+vq4Ke1BjOTjM2YctQIvCT7GFzHwmfZPGo5wnrgkid0YQtnAleFSqumZm4az3n2BS+erby5ipJdgrg==",
      "license": "MIT",
      "dependencies": {
        "es-define-property": "^1.0.0"
      },
      "funding": {
        "url": "https://github.com/sponsors/ljharb"
      }
    },
    "node_modules/has-proto": {
      "version": "1.0.3",
      "resolved": "https://registry.npmjs.org/has-proto/-/has-proto-1.0.3.tgz",
      "integrity": "sha512-SJ1amZAJUiZS+PhsVLf5tGydlaVB8EdFpaSO4gmiUKUOxk8qzn5AIy4ZeJUmh22znIdk/uMAUT2pl3FxzVUH+Q==",
      "license": "MIT",
      "engines": {
        "node": ">= 0.4"
      },
      "funding": {
        "url": "https://github.com/sponsors/ljharb"
      }
    },
    "node_modules/has-symbols": {
      "version": "1.0.3",
      "resolved": "https://registry.npmjs.org/has-symbols/-/has-symbols-1.0.3.tgz",
      "integrity": "sha512-l3LCuF6MgDNwTDKkdYGEihYjt5pRPbEg46rtlmnSPlUbgmB8LOIrKJbYYFBSbnPaJexMKtiPO8hmeRjRz2Td+A==",
      "license": "MIT",
      "engines": {
        "node": ">= 0.4"
      },
      "funding": {
        "url": "https://github.com/sponsors/ljharb"
      }
    },
    "node_modules/hasown": {
      "version": "2.0.2",
      "resolved": "https://registry.npmjs.org/hasown/-/hasown-2.0.2.tgz",
      "integrity": "sha512-0hJU9SCPvmMzIBdZFqNPXWa6dqh7WdH0cII9y+CyS8rG3nL48Bclra9HmKhVVUHyPWNH5Y7xDwAB7bfgSjkUMQ==",
      "license": "MIT",
      "dependencies": {
        "function-bind": "^1.1.2"
      },
      "engines": {
        "node": ">= 0.4"
      }
    },
    "node_modules/hp-autonomy-about-page": {
      "version": "0.4.0",
      "resolved": "git+ssh://git@github.com/opentext-idol/js-about-page.git#fcb36d3ef47b62b7ed96b97f6c31d56858ebac33",
      "dependencies": {
        "datatables.net": "1.13.6",
        "datatables.net-bs": "1.13.6",
        "datatables.net-plugins": "1.13.6",
        "hp-autonomy-js-whatever": "opentext-idol/jsWhatever#2.13.0"
      }
    },
    "node_modules/hp-autonomy-about-page/node_modules/datatables.net": {
      "version": "1.13.6",
      "resolved": "https://registry.npmjs.org/datatables.net/-/datatables.net-1.13.6.tgz",
      "integrity": "sha512-rHNcnW+yEP9me82/KmRcid5eKrqPqW3+I/p1TwqCW3c/7GRYYkDyF6aJQOQ9DNS/pw+nyr4BVpjyJ3yoZXiFPg==",
      "license": "MIT",
      "dependencies": {
        "jquery": ">=1.7"
      }
    },
    "node_modules/hp-autonomy-about-page/node_modules/datatables.net-bs": {
      "version": "1.13.6",
      "resolved": "https://registry.npmjs.org/datatables.net-bs/-/datatables.net-bs-1.13.6.tgz",
      "integrity": "sha512-ohESuDtcrrNH56vGTErMUQklkzOVvKC5wyuaDApMruYc542IvESfalMOWKOChcAhGkhyXP9P9ZEr0AaDqQ7+Qw==",
      "license": "MIT",
      "dependencies": {
        "datatables.net": ">=1.13.4",
        "jquery": ">=1.7"
      }
    },
    "node_modules/hp-autonomy-fieldtext-js": {
      "name": "hp-autonomy-frontend-field-text",
      "version": "1.8.0",
      "resolved": "git+ssh://git@github.com/opentext-idol/fieldtext-js.git#84c549d3ca5160acf8e25fdd23f888743877c61b",
      "dependencies": {
        "pegjs": "opentext-idol/pegjs#0.10.0",
        "requirejs": "2.3.7",
        "requirejs-text": "2.0.15",
        "underscore": "1.13.6"
      }
    },
    "node_modules/hp-autonomy-js-databases-view": {
      "version": "0.13.0",
      "resolved": "git+ssh://git@github.com/opentext-idol/js-databases-view.git#fd6ae71f36e05c8229afadc49722a9f29f296e7f",
      "dependencies": {
        "backbone": "1.2.3",
        "hp-autonomy-js-whatever": "github:opentext-idol/jsWhatever#2.14.0",
        "jquery": "3.7.1",
        "requirejs": "2.3.7",
        "requirejs-text": "2.0.15",
        "underscore": "1.13.6"
      }
    },
    "node_modules/hp-autonomy-js-parametric-refinement": {
      "version": "2.2.0",
      "resolved": "git+ssh://git@github.com/opentext-idol/js-parametric-refinement.git#fe56a41a137fd7428c22632ccb2f7477d5289bfd",
      "dependencies": {
        "backbone": "1.2.3",
        "hp-autonomy-fieldtext-js": "github:opentext-idol/fieldtext-js#1.8.0",
        "moment": "2.29.4",
        "pegjs": "opentext-idol/pegjs#0.10.0",
        "requirejs": "2.3.7",
        "requirejs-text": "2.0.15",
        "underscore": "1.13.6"
      }
    },
    "node_modules/hp-autonomy-js-testing-utils": {
      "version": "2.5.0",
      "resolved": "git+ssh://git@github.com/opentext-idol/js-testing-utils.git#b57a6c0a5556b527020e09c18ff8d5a55173f84f",
      "dev": true,
      "dependencies": {
        "backbone": "1.2.3",
        "jasmine": "2.99.0",
        "jquery": "3.7.1",
        "underscore": "1.13.6"
      }
    },
    "node_modules/hp-autonomy-js-whatever": {
      "name": "hp-autonomy-frontend-javascript-utils",
      "version": "2.14.0",
      "resolved": "git+ssh://git@github.com/opentext-idol/jsWhatever.git#f17efbcd22a3eb6ce22ade1ebe814f23f1303cbc",
      "dependencies": {
        "backbone": "1.2.3",
        "bootstrap": "3.4.1",
        "jquery": "3.7.1",
        "jquery-steps": "1.1.0",
        "requirejs": "2.3.7",
        "requirejs-text": "2.0.15",
        "store": "1.3.20",
        "underscore": "1.13.6"
      }
    },
    "node_modules/hp-autonomy-login-page": {
      "version": "1.4.0",
      "resolved": "git+ssh://git@github.com/opentext-idol/login-page.git#41ecc9f35ece8360f83c58a11ec3b1c16f7ec59d",
      "dependencies": {
        "backbone": "1.2.3",
        "hp-autonomy-js-whatever": "opentext-idol/jsWhatever#2.13.0",
        "jquery": "3.7.1",
        "requirejs-text": "2.0.15",
        "underscore": "1.13.6"
      }
    },
    "node_modules/hp-autonomy-settings-page": {
      "version": "0.15.0",
      "resolved": "git+ssh://git@github.com/opentext-idol/settings-page.git#a0c41ef37c99d16cb5927e575863666a94c133ae",
      "dependencies": {
        "backbone": "1.2.3",
        "bootstrap": "3.4.1",
        "hp-autonomy-js-whatever": "github:opentext-idol/jsWhatever#2.14.0",
        "jquery": "3.7.1",
        "requirejs": "2.3.7",
        "requirejs-text": "2.0.15",
        "underscore": "1.13.6"
      }
    },
    "node_modules/hp-autonomy-sunburst": {
      "version": "2.2.0",
      "resolved": "git+ssh://git@github.com/opentext-idol/sunburst.git#6e3b7edde3a6743b28d07c416118606978040f12",
      "license": "MIT",
      "dependencies": {
        "d3": "3.5.17",
        "jquery": "3.7.1",
        "raphael": "2.3.0",
        "underscore": "1.13.6"
      }
    },
    "node_modules/hp-autonomy-topic-map": {
      "version": "1.6.0",
      "resolved": "git+ssh://git@github.com/opentext-idol/topic-map.git#e8a448575cf4d7c99879aefa919e4dd874c03abf",
      "license": "MIT",
      "dependencies": {
        "d3": "3.5.17",
        "jquery": "3.7.1",
        "raphael": "2.3.0",
        "underscore": "1.13.6"
      }
    },
    "node_modules/html2canvas": {
      "version": "0.4.1",
      "resolved": "git+ssh://git@github.com/niklasvh/html2canvas.git#051576578827a7e7c99d9ec70f654b6f50396dbf",
      "engines": {
        "node": ">=0.8.0"
      }
    },
    "node_modules/icheck": {
      "version": "1.0.2",
      "resolved": "https://registry.npmjs.org/icheck/-/icheck-1.0.2.tgz",
      "integrity": "sha512-1oDqj9ikiH4csFWKZnfbD1S9IY/MqzEt4cir6PIfkT84D/8QYaAZFrplXoyz5eaATmaoawY3KMTkMAO+fP4wGg==",
      "license": "MIT"
    },
    "node_modules/inflight": {
      "version": "1.0.6",
      "resolved": "https://registry.npmjs.org/inflight/-/inflight-1.0.6.tgz",
      "integrity": "sha512-k92I/b08q4wvFscXCLvqfsHCrjrF7yiXsQuIVvVE7N82W3+aqpzuUdBbfhWcy/FZR3/4IgflMgKLOsvPDrGCJA==",
      "deprecated": "This module is not supported, and leaks memory. Do not use it. Check out lru-cache if you want a good and tested way to coalesce async requests by a key value, which is much more comprehensive and powerful.",
      "dev": true,
      "license": "ISC",
      "dependencies": {
        "once": "^1.3.0",
        "wrappy": "1"
      }
    },
    "node_modules/inherits": {
      "version": "2.0.4",
      "resolved": "https://registry.npmjs.org/inherits/-/inherits-2.0.4.tgz",
      "integrity": "sha512-k/vGaX4/Yla3WzyMCvTQOXYeIHvqOKtnqBduzTHpzpQZzAskKMhZ2K+EnBiSM9zGSoIFeMpXKxa4dYeZIQqewQ==",
      "dev": true,
      "license": "ISC"
    },
    "node_modules/jasmine": {
      "version": "2.99.0",
      "resolved": "https://registry.npmjs.org/jasmine/-/jasmine-2.99.0.tgz",
      "integrity": "sha512-kmuDC+6c9tA8BAZGd7wmucWKrM/aCCBSzCJEqRghvw9lKValw+pg88aN/BFIikmZwRTD57QmHamQ2wRpKb3FDQ==",
      "dev": true,
      "license": "MIT",
      "dependencies": {
        "exit": "^0.1.2",
        "glob": "^7.0.6",
        "jasmine-core": "~2.99.0"
      },
      "bin": {
        "jasmine": "bin/jasmine.js"
      }
    },
    "node_modules/jasmine-ajax": {
      "version": "3.2.0",
      "resolved": "https://registry.npmjs.org/jasmine-ajax/-/jasmine-ajax-3.2.0.tgz",
      "integrity": "sha512-uHjN54GRd9BJgrIqWEZ8f1msAsxrxEBE01HDm4XJMbt123YsoPcTDMP/igjF8XSo9dYzaPbHFdIfh+CZZRrNSQ==",
      "dev": true,
      "license": "MIT"
    },
    "node_modules/jasmine-core": {
      "version": "2.99.1",
      "resolved": "https://registry.npmjs.org/jasmine-core/-/jasmine-core-2.99.1.tgz",
      "integrity": "sha512-ra97U4qu3OCcIxvN6eg3kyy8bLrID/TgxafSGMMICg3SFx5C/sUfDPpiOh7yoIsHdtjrOVdtT9rieYhqOsh9Ww==",
      "dev": true,
      "license": "MIT"
    },
    "node_modules/jasmine-jquery": {
      "version": "2.1.0",
      "resolved": "https://registry.npmjs.org/jasmine-jquery/-/jasmine-jquery-2.1.0.tgz",
      "integrity": "sha512-7JRghYwbub198T/1/Uq5GKYK8lv8Hg6XQTCNnVBYV7sJO5HGpj39EGHvMGfWAaaGAlrYv5xO5gBa1eCqZ/OeRQ==",
      "dev": true,
      "license": "MIT"
    },
    "node_modules/jquery": {
      "version": "3.7.1",
      "resolved": "https://registry.npmjs.org/jquery/-/jquery-3.7.1.tgz",
      "integrity": "sha512-m4avr8yL8kmFN8psrbFFFmB/If14iN5o9nw/NgnnM+kybDJpRsAynV2BsfpTYrTRysYUdADVD7CkUUizgkpLfg==",
      "license": "MIT"
    },
    "node_modules/jquery-steps": {
      "version": "1.1.0",
      "resolved": "https://registry.npmjs.org/jquery-steps/-/jquery-steps-1.1.0.tgz",
      "integrity": "sha512-2ZODN30XpbdNgDiqydOCroTRVUeCBPx927l3p8SG7tsL1kmOkntg/jeiY9fjPqIff0cyelcwL/SZ+5hMaQyVmA=="
    },
    "node_modules/leaflet": {
      "version": "1.0.3",
      "resolved": "https://registry.npmjs.org/leaflet/-/leaflet-1.0.3.tgz",
      "integrity": "sha512-MzG53cU+K9ZdX/Wl4o+/6nyx6Ej/ec7MuMRd/VdAxuT8nltdRTE6ekl+QjavwcXN+SSC3jL2PK+Wn4T/ooWibA==",
      "license": "BSD-2-Clause"
    },
    "node_modules/leaflet-draw": {
      "version": "0.4.9",
      "resolved": "https://registry.npmjs.org/leaflet-draw/-/leaflet-draw-0.4.9.tgz",
      "integrity": "sha512-ZLwSHVkxN307xzST2GNEIqu6iOyCV3233wnqG+TrfTEZthH0XwE588cjZDYc8jWmDqB6brgIizdpTXamwVx8XQ==",
      "license": "MIT"
    },
    "node_modules/leaflet.awesome-markers": {
      "version": "2.0.5",
      "resolved": "https://registry.npmjs.org/leaflet.awesome-markers/-/leaflet.awesome-markers-2.0.5.tgz",
      "integrity": "sha512-Ne/xDjkGyaujwNVVkv2tyXQUV0ZW7gZ0Mo0FuQY4jp2qWrvXi0hwDBvmZyF/8YOvybyMabTMM/mFWCTd1jZIQA==",
      "license": "ISC"
    },
    "node_modules/leaflet.markercluster": {
      "version": "1.0.4",
      "resolved": "https://registry.npmjs.org/leaflet.markercluster/-/leaflet.markercluster-1.0.4.tgz",
      "integrity": "sha512-Tdm7bSjj/uX2P6BP2/XlZwUxgKBAalsI8ajO/bCr3PA80ic6Ovd1RET2xy5QeryaG2/fEosg7V2xFsKohD1fqg==",
      "license": "MIT"
    },
    "node_modules/leaflet.markercluster.layersupport": {
      "version": "1.0.3",
      "resolved": "https://registry.npmjs.org/leaflet.markercluster.layersupport/-/leaflet.markercluster.layersupport-1.0.3.tgz",
      "integrity": "sha512-pyPVlCuyLl/9Q4JwBDD8lss4ENoJicVZ5xK2Iwu/rtJbsfclgS0kKHDHezt8xMLqx+89zAuFkz5kIFOITz28/g==",
      "license": "MIT"
    },
    "node_modules/metismenu": {
      "version": "2.5.2",
      "resolved": "https://registry.npmjs.org/metismenu/-/metismenu-2.5.2.tgz",
      "integrity": "sha512-1cHyUbWbs+k2PqZm7SzNHxCr8RwmjYrtKRSKYLDrJb8ouyqfW7ekLX/FIMYgUl4/+PmLWtU7GqogHzxyzWUHqw==",
      "license": "MIT"
    },
    "node_modules/minimatch": {
      "version": "3.1.2",
      "resolved": "https://registry.npmjs.org/minimatch/-/minimatch-3.1.2.tgz",
      "integrity": "sha512-J7p63hRiAjw1NDEww1W7i37+ByIrOWO5XQQAzZ3VOcL0PNybwpfmV/N05zFAzwQ9USyEcX6t3UO+K5aqBQOIHw==",
      "dev": true,
      "license": "ISC",
      "dependencies": {
        "brace-expansion": "^1.1.7"
      },
      "engines": {
        "node": "*"
      }
    },
    "node_modules/minimist": {
      "version": "1.2.8",
      "resolved": "https://registry.npmjs.org/minimist/-/minimist-1.2.8.tgz",
      "integrity": "sha512-2yyAR8qBkN3YuheJanUpWC5U3bb5osDywNB8RzDVlDwDHbocAJveqqj1u8+SVD7jkWT4yvsHCpWqqWqAxb0zCA==",
      "license": "MIT",
      "funding": {
        "url": "https://github.com/sponsors/ljharb"
      }
    },
    "node_modules/moment": {
      "version": "2.29.4",
      "resolved": "https://registry.npmjs.org/moment/-/moment-2.29.4.tgz",
      "integrity": "sha512-5LC9SOxjSc2HF6vO2CyuTDNivEdoz2IvyJJGj6X8DJ0eFyfszE0QiEd+iXmBvUP3WHxSjFH/vIsA0EN00cgr8w==",
      "license": "MIT",
      "engines": {
        "node": "*"
      }
    },
    "node_modules/moment-timezone": {
      "version": "0.5.43",
      "resolved": "https://registry.npmjs.org/moment-timezone/-/moment-timezone-0.5.43.tgz",
      "integrity": "sha512-72j3aNyuIsDxdF1i7CEgV2FfxM1r6aaqJyLB2vwb33mXYyoyLly+F1zbWqhA3/bVIoJ4szlUoMbUnVdid32NUQ==",
      "license": "MIT",
      "dependencies": {
        "moment": "^2.29.4"
      },
      "engines": {
        "node": "*"
      }
    },
    "node_modules/neo-async": {
      "version": "2.6.2",
      "resolved": "https://registry.npmjs.org/neo-async/-/neo-async-2.6.2.tgz",
      "integrity": "sha512-Yd3UES5mWCSqR+qNT93S3UoYUkqAZ9lLg8a7g9rimsWmYGK8cVToA4/sF3RrshdyV3sAGMXVUmpMYOw+dLpOuw==",
      "license": "MIT"
    },
    "node_modules/object-inspect": {
      "version": "1.13.2",
      "resolved": "https://registry.npmjs.org/object-inspect/-/object-inspect-1.13.2.tgz",
      "integrity": "sha512-IRZSRuzJiynemAXPYtPe5BoI/RESNYR7TYm50MC5Mqbd3Jmw5y790sErYw3V6SryFJD64b74qQQs9wn5Bg/k3g==",
      "license": "MIT",
      "engines": {
        "node": ">= 0.4"
      },
      "funding": {
        "url": "https://github.com/sponsors/ljharb"
      }
    },
    "node_modules/once": {
      "version": "1.4.0",
      "resolved": "https://registry.npmjs.org/once/-/once-1.4.0.tgz",
      "integrity": "sha512-lNaJgI+2Q5URQBkccEKHTQOPaXdUxnZZElQTZY0MFUAuaEqe1E+Nyvgdz/aIyNi6Z9MzO5dv1H8n58/GELp3+w==",
      "dev": true,
      "license": "ISC",
      "dependencies": {
        "wrappy": "1"
      }
    },
    "node_modules/path-is-absolute": {
      "version": "1.0.1",
      "resolved": "https://registry.npmjs.org/path-is-absolute/-/path-is-absolute-1.0.1.tgz",
      "integrity": "sha512-AVbw3UJ2e9bq64vSaS9Am0fje1Pa8pbGqTTsmXfaIiMpnr5DlDhfJOuLj9Sf95ZPVDAUerDfEk88MPmPe7UCQg==",
      "dev": true,
      "license": "MIT",
      "engines": {
        "node": ">=0.10.0"
      }
    },
    "node_modules/pegjs": {
      "version": "0.10.0",
      "resolved": "git+ssh://git@github.com/opentext-idol/pegjs.git#dd2fb02d64c60aef5bdaed0de2171fef1b5f153b",
      "license": "MIT"
    },
    "node_modules/qs": {
      "version": "6.11.0",
      "resolved": "https://registry.npmjs.org/qs/-/qs-6.11.0.tgz",
      "integrity": "sha512-MvjoMCJwEarSbUYk5O+nmoSzSutSsTwF85zcHPQ9OrlFoZOYIjaqBAJIqIXjptyD5vThxGq52Xu/MaJzRkIk4Q==",
      "license": "BSD-3-Clause",
      "dependencies": {
        "side-channel": "^1.0.4"
      },
      "engines": {
        "node": ">=0.6"
      },
      "funding": {
        "url": "https://github.com/sponsors/ljharb"
      }
    },
    "node_modules/raphael": {
      "version": "2.3.0",
      "resolved": "https://registry.npmjs.org/raphael/-/raphael-2.3.0.tgz",
      "integrity": "sha512-w2yIenZAQnp257XUWGni4bLMVxpUpcIl7qgxEgDIXtmSypYtlNxfXWpOBxs7LBTps5sDwhRnrToJrMUrivqNTQ==",
      "license": "MIT",
      "dependencies": {
        "eve-raphael": "0.5.0"
      }
    },
    "node_modules/requirejs": {
      "version": "2.3.7",
      "resolved": "https://registry.npmjs.org/requirejs/-/requirejs-2.3.7.tgz",
      "integrity": "sha512-DouTG8T1WanGok6Qjg2SXuCMzszOo0eHeH9hDZ5Y4x8Je+9JB38HdTLT4/VA8OaUhBa0JPVHJ0pyBkM1z+pDsw==",
      "license": "MIT",
      "bin": {
        "r_js": "bin/r.js",
        "r.js": "bin/r.js"
      },
      "engines": {
        "node": ">=0.4.0"
      }
    },
    "node_modules/requirejs-i18n": {
      "name": "i18n",
      "version": "2.0.6",
      "resolved": "git+ssh://git@github.com/requirejs/i18n.git#e08bfb18f0e940a4e9e443ad372f4760cf1e0725",
      "license": "BSD or MIT"
    },
    "node_modules/requirejs-text": {
      "version": "2.0.15",
      "resolved": "https://registry.npmjs.org/requirejs-text/-/requirejs-text-2.0.15.tgz",
      "integrity": "sha512-bY2wBSXj/iuH+cPkKbtxIV9upDOBeE34qzav6xR9BAZ+yYVquGgVIZP+9b9PGNgcAgmI2DzswfwsylZcgDpWrA==",
      "license": "MIT"
    },
    "node_modules/set-function-length": {
      "version": "1.2.2",
      "resolved": "https://registry.npmjs.org/set-function-length/-/set-function-length-1.2.2.tgz",
      "integrity": "sha512-pgRc4hJ4/sNjWCSS9AmnS40x3bNMDTknHgL5UaMBTMyJnU90EgWh1Rz+MC9eFu4BuN/UwZjKQuY/1v3rM7HMfg==",
      "license": "MIT",
      "dependencies": {
        "define-data-property": "^1.1.4",
        "es-errors": "^1.3.0",
        "function-bind": "^1.1.2",
        "get-intrinsic": "^1.2.4",
        "gopd": "^1.0.1",
        "has-property-descriptors": "^1.0.2"
      },
      "engines": {
        "node": ">= 0.4"
      }
    },
    "node_modules/side-channel": {
      "version": "1.0.6",
      "resolved": "https://registry.npmjs.org/side-channel/-/side-channel-1.0.6.tgz",
      "integrity": "sha512-fDW/EZ6Q9RiO8eFG8Hj+7u/oW+XrPTIChwCOM2+th2A6OblDtYYIpve9m+KvI9Z4C9qSEXlaGR6bTEYHReuglA==",
      "license": "MIT",
      "dependencies": {
        "call-bind": "^1.0.7",
        "es-errors": "^1.3.0",
        "get-intrinsic": "^1.2.4",
        "object-inspect": "^1.13.1"
      },
      "engines": {
        "node": ">= 0.4"
      },
      "funding": {
        "url": "https://github.com/sponsors/ljharb"
      }
    },
    "node_modules/source-map": {
      "version": "0.6.1",
      "resolved": "https://registry.npmjs.org/source-map/-/source-map-0.6.1.tgz",
      "integrity": "sha512-UjgapumWlbMhkBgzT7Ykc5YXUT46F0iKu8SGXq0bcwP5dz/h0Plj6enJqjz1Zbq2l5WaqYnrVbwWOWMyF3F47g==",
      "license": "BSD-3-Clause",
      "engines": {
        "node": ">=0.10.0"
      }
    },
    "node_modules/store": {
      "version": "1.3.20",
      "resolved": "https://registry.npmjs.org/store/-/store-1.3.20.tgz",
      "integrity": "sha512-dWC6DzK49xjSjUz2Jw7APRMDBSTycmxqS9Acx7LBYW5eQMj79hPNPoPUf9fglXndWzQFZysnMC1tOItrLBVIaQ==",
      "license": "MIT",
      "engines": {
        "browser": "*",
        "node": "*"
      }
    },
    "node_modules/uglify-js": {
      "version": "3.19.3",
      "resolved": "https://registry.npmjs.org/uglify-js/-/uglify-js-3.19.3.tgz",
      "integrity": "sha512-v3Xu+yuwBXisp6QYTcH4UbH+xYJXqnq2m/LtQVWKWzYc1iehYnLixoQDN9FH6/j9/oybfd6W9Ghwkl8+UMKTKQ==",
      "license": "BSD-2-Clause",
      "optional": true,
      "bin": {
        "uglifyjs": "bin/uglifyjs"
      },
      "engines": {
        "node": ">=0.8.0"
      }
    },
    "node_modules/underscore": {
      "version": "1.13.6",
      "resolved": "https://registry.npmjs.org/underscore/-/underscore-1.13.6.tgz",
      "integrity": "sha512-+A5Sja4HP1M08MaXya7p5LvjuM7K6q/2EaC0+iovj/wOcMsTzMvDFbasi/oSapiwOlt252IqsKqPjCl7huKS0A==",
      "license": "MIT"
    },
    "node_modules/uuidjs": {
      "version": "4.2.6",
      "resolved": "https://registry.npmjs.org/uuidjs/-/uuidjs-4.2.6.tgz",
      "integrity": "sha512-MN+qOwkX8k2V4p+qDDUzHc1gvBu1tCCB2p3cjOdMoeGfTUywATUBcQkqqaFR7Snd72FAY7HfBzkoAv7HxoCxuA==",
      "license": "Apache-2.0",
      "bin": {
        "uuidjs": "bin/cli.js"
      }
    },
    "node_modules/wordwrap": {
      "version": "1.0.0",
      "resolved": "https://registry.npmjs.org/wordwrap/-/wordwrap-1.0.0.tgz",
      "integrity": "sha512-gvVzJFlPycKc5dZN4yPkP8w7Dc37BtP1yczEneOb4uq34pXZcvrtRTmWV8W+Ume+XCxKgbjM+nevkyFPMybd4Q==",
      "license": "MIT"
    },
    "node_modules/wrappy": {
      "version": "1.0.2",
      "resolved": "https://registry.npmjs.org/wrappy/-/wrappy-1.0.2.tgz",
      "integrity": "sha512-l4Sp/DRseor9wL6EvV2+TuQn63dMkPjZ/sp9XkghTEbV9KlPS1xUsZ3u7/IQO4wxtcFB4bgpQPRcR3QCvezPcQ==",
      "dev": true,
      "license": "ISC"
    }
  }
}
