{
  "name": "hp-find-core-frontend",
  "lockfileVersion": 3,
  "requires": true,
  "packages": {
    "": {
      "name": "hp-find-core-frontend",
      "license": "MIT",
      "dependencies": {
        "backbone": "1.2.3",
        "bootstrap": "3.4.1",
        "bootstrap-slider": "6.1.7",
        "bowser": "1.0.0",
        "chosen-js": "1.5.1",
        "corejs-typeahead": "1.0.1",
        "d3": "3.5.17",
        "datatables.net-fixedcolumns": "3.3.3",
        "datatables.net-fixedcolumns-bs": "3.3.3",
        "datatables.net-plugins": "1.13.6",
        "dropzone": "4.3.0",
        "eonasdan-bootstrap-datetimepicker": "4.17.49",
        "flot": "0.8.3",
        "font-awesome": "4.5.0",
        "handlebars": "4.7.8",
        "hp-autonomy-about-page": "opentext-idol/js-about-page#0.4.0",
        "hp-autonomy-fieldtext-js": "opentext-idol/fieldtext-js#1.7.0",
        "hp-autonomy-js-databases-view": "opentext-idol/js-databases-view#0.12.0",
        "hp-autonomy-js-parametric-refinement": "opentext-idol/js-parametric-refinement#2.1.0",
        "hp-autonomy-js-whatever": "opentext-idol/jsWhatever#2.13.0",
        "hp-autonomy-login-page": "opentext-idol/login-page#1.4.0",
        "hp-autonomy-settings-page": "opentext-idol/settings-page#0.14.0",
        "hp-autonomy-sunburst": "opentext-idol/sunburst#2.2.0",
        "hp-autonomy-topic-map": "opentext-idol/topic-map#1.6.0",
        "html2canvas": "niklasvh/html2canvas#0.4.1",
        "icheck": "1.0.2",
        "jquery": "3.7.1",
        "leaflet": "1.0.3",
        "leaflet-draw": "0.4.9",
        "leaflet.awesome-markers": "2.0.5",
        "leaflet.markercluster": "1.0.4",
        "leaflet.markercluster.layersupport": "1.0.3",
        "metismenu": "2.5.2",
        "moment": "2.29.4",
        "moment-timezone": "0.5.43",
        "qs": "6.11.0",
        "requirejs": "2.3.3",
        "requirejs-i18n": "requirejs/i18n#2.0.6",
        "requirejs-text": "2.0.15",
        "underscore": "1.13.6",
        "uuidjs": "4.2.6"
      },
      "devDependencies": {
        "hp-autonomy-js-testing-utils": "opentext-idol/js-testing-utils#2.4.0",
        "jasmine-ajax": "3.2.0",
        "jasmine-jquery": "2.1.0"
      }
    },
    "node_modules/@types/jquery": {
      "version": "3.5.22",
      "resolved": "https://registry.npmjs.org/@types/jquery/-/jquery-3.5.22.tgz",
      "integrity": "sha512-ISQFeUK5GwRftLK4PVvKTWEVCxZ2BpaqBz0TWkIq5w4vGojxZP9+XkqgcPjxoqmPeew+HLyWthCBvK7GdF5NYA==",
      "dependencies": {
        "@types/sizzle": "*"
      }
    },
    "node_modules/@types/sizzle": {
      "version": "2.3.4",
      "resolved": "https://registry.npmjs.org/@types/sizzle/-/sizzle-2.3.4.tgz",
      "integrity": "sha512-jA2llq2zNkg8HrALI7DtWzhALcVH0l7i89yhY3iBdOz6cBPeACoFq+fkQrjHA39t1hnSFOboZ7A/AY5MMZSlag=="
    },
    "node_modules/backbone": {
      "version": "1.2.3",
      "resolved": "https://registry.npmjs.org/backbone/-/backbone-1.2.3.tgz",
      "integrity": "sha512-1/eXj4agG79UDN7TWnZXcGD6BJrBwLZKCX7zYcBIy9jWf4mrtVkw7IE1VOYFnrKahsmPF9L55Tib9IQRvk027w==",
      "dependencies": {
        "underscore": ">=1.7.0"
      }
    },
    "node_modules/bootstrap": {
      "version": "3.4.1",
      "resolved": "https://registry.npmjs.org/bootstrap/-/bootstrap-3.4.1.tgz",
      "integrity": "sha512-yN5oZVmRCwe5aKwzRj6736nSmKDX7pLYwsXiCj/EYmo16hODaBiT4En5btW/jhBF/seV+XMx3aYwukYC3A49DA==",
      "engines": {
        "node": ">=6"
      }
    },
    "node_modules/bootstrap-slider": {
      "version": "6.1.7",
      "resolved": "https://registry.npmjs.org/bootstrap-slider/-/bootstrap-slider-6.1.7.tgz",
      "integrity": "sha512-qi0/pAJlvSCO6V1AOkoGkTnL3VwXiomOMjB+2pviAt7JgDWnWtQ8oJRfJsdXiJq48AxTSLAYkwThboPvoOi2kg=="
    },
    "node_modules/bowser": {
      "version": "1.0.0",
      "resolved": "https://registry.npmjs.org/bowser/-/bowser-1.0.0.tgz",
      "integrity": "sha512-fcFXL0wpFFE1p3ohcUoOMhmnz1DivT+S8wn8+Ksz2Ze6QMxW/U3Za11F5NJQgbRmzVN6LlFgpsGMRtX8emZEfQ=="
    },
    "node_modules/call-bind": {
      "version": "1.0.2",
      "resolved": "https://registry.npmjs.org/call-bind/-/call-bind-1.0.2.tgz",
      "integrity": "sha512-7O+FbCihrB5WGbFYesctwmTKae6rOiIzmz1icreWJ+0aA7LJfuqhEso2T9ncpcFtzMQtzXf2QGGueWJGTYsqrA==",
      "dependencies": {
        "function-bind": "^1.1.1",
        "get-intrinsic": "^1.0.2"
      },
      "funding": {
        "url": "https://github.com/sponsors/ljharb"
      }
    },
    "node_modules/chosen-js": {
      "version": "1.5.1",
      "resolved": "https://registry.npmjs.org/chosen-js/-/chosen-js-1.5.1.tgz",
      "integrity": "sha512-IEkWKRinD4ii4DR+fxiHt0h4geKgLa7kXqw8xX+StX6xCwOP3evhk2K+y6OVUZvu7Ek1/+xelxcc7/8vOn5lDQ==",
      "dependencies": {
        "jquery": ">=1.4.4"
      }
    },
    "node_modules/corejs-typeahead": {
      "version": "1.0.1",
      "resolved": "https://registry.npmjs.org/corejs-typeahead/-/corejs-typeahead-1.0.1.tgz",
      "integrity": "sha512-jgVno+SR33bxSKL2F3nDAT3OgUzo2BZLgk2ugkyzV3JMjq5Wx1s/NBDANv2HhhTrwe4pRnnOA2yC5P5HLlo5UA==",
      "dependencies": {
        "jquery": ">=1.7"
      }
    },
    "node_modules/d3": {
      "version": "3.5.17",
      "resolved": "https://registry.npmjs.org/d3/-/d3-3.5.17.tgz",
      "integrity": "sha512-yFk/2idb8OHPKkbAL8QaOaqENNoMhIaSHZerk3oQsECwkObkCpJyjYwCe+OHiq6UEdhe1m8ZGARRRO3ljFjlKg=="
    },
    "node_modules/datatables.net": {
      "version": "1.13.6",
      "resolved": "https://registry.npmjs.org/datatables.net/-/datatables.net-1.13.6.tgz",
      "integrity": "sha512-rHNcnW+yEP9me82/KmRcid5eKrqPqW3+I/p1TwqCW3c/7GRYYkDyF6aJQOQ9DNS/pw+nyr4BVpjyJ3yoZXiFPg==",
      "dependencies": {
        "jquery": ">=1.7"
      }
    },
    "node_modules/datatables.net-bs": {
      "version": "1.13.6",
      "resolved": "https://registry.npmjs.org/datatables.net-bs/-/datatables.net-bs-1.13.6.tgz",
      "integrity": "sha512-ohESuDtcrrNH56vGTErMUQklkzOVvKC5wyuaDApMruYc542IvESfalMOWKOChcAhGkhyXP9P9ZEr0AaDqQ7+Qw==",
      "dependencies": {
        "datatables.net": ">=1.13.4",
        "jquery": ">=1.7"
      }
    },
    "node_modules/datatables.net-fixedcolumns": {
      "version": "3.3.3",
      "resolved": "https://registry.npmjs.org/datatables.net-fixedcolumns/-/datatables.net-fixedcolumns-3.3.3.tgz",
      "integrity": "sha512-xo6MeI2xc/Ufk4ffrpao+OiPo8/GPB8cO80gA6NFgYBVw6eP9pPa2NsV+gSWRVr7d3A8iZC7mUZT5WdtliNHEA==",
      "dependencies": {
        "datatables.net": "^1.10.15",
        "jquery": ">=1.7"
      }
    },
    "node_modules/datatables.net-fixedcolumns-bs": {
      "version": "3.3.3",
      "resolved": "https://registry.npmjs.org/datatables.net-fixedcolumns-bs/-/datatables.net-fixedcolumns-bs-3.3.3.tgz",
      "integrity": "sha512-zfole9o2zTPzfHVrGCFuKos+n5i+pyj5gXpdTaEWWv11+3Cn6ssA6YCXJJHPREIS5VI30tgnnh/hAkFUjjfj7w==",
      "dependencies": {
        "datatables.net-bs": "^1.10.15",
        "datatables.net-fixedcolumns": "3.3.3",
        "jquery": ">=1.7"
      }
    },
    "node_modules/datatables.net-plugins": {
      "version": "1.13.6",
      "resolved": "https://registry.npmjs.org/datatables.net-plugins/-/datatables.net-plugins-1.13.6.tgz",
      "integrity": "sha512-CPLH+09OiEAP3PKbZH7u2qcLajgHhy4fBHCdLzjGWJwKbIkhaPu7tby4jZHQXqoolUznbm3TEpJj4eMI1eqcGw==",
      "dependencies": {
        "@types/jquery": "^3.5.16",
        "datatables.net": "^1.13.2"
      }
    },
    "node_modules/dropzone": {
      "version": "4.3.0",
      "resolved": "https://registry.npmjs.org/dropzone/-/dropzone-4.3.0.tgz",
      "integrity": "sha512-KAP4sc9wjaU5xLhZ7olSH1ni72IbXk2l9iF9Ai5p3slwDtKTJunKkQpdFg7voyOcUU+6j75xEhHh+yPqd/Z/PA=="
    },
    "node_modules/eonasdan-bootstrap-datetimepicker": {
      "version": "4.17.49",
      "resolved": "https://registry.npmjs.org/eonasdan-bootstrap-datetimepicker/-/eonasdan-bootstrap-datetimepicker-4.17.49.tgz",
      "integrity": "sha512-7KZeDpkj+A6AtPR3XjX8gAnRPUkPSfW0OmMANG1dkUOPMtLSzbyoCjDIdEcfRtQPU5X0D9Gob7wWKn0h4QWy7A==",
      "dependencies": {
        "bootstrap": "^3.3",
        "jquery": "^3.5.1",
        "moment": "^2.10",
        "moment-timezone": "^0.4.0"
      },
      "peerDependencies": {
        "bootstrap": "^3.3",
        "jquery": "^1.8.3 || ^2.0 || ^3.0",
        "moment": "^2.10",
        "moment-timezone": "^0.4.0 || ^0.5.0"
      }
    },
    "node_modules/eonasdan-bootstrap-datetimepicker/node_modules/moment-timezone": {
      "version": "0.4.1",
      "resolved": "https://registry.npmjs.org/moment-timezone/-/moment-timezone-0.4.1.tgz",
      "integrity": "sha512-5cNPVUwaVJDCe9JM8m/qz17f9SkaI8rpnRUyDJi2K5HAd6EwhuQ3n5nLclZkNC/qJnomKgQH2TIu70Gy2dxFKA==",
      "dependencies": {
        "moment": ">= 2.6.0"
      },
      "engines": {
        "node": "*"
      }
    },
    "node_modules/eve-raphael": {
      "version": "0.5.0",
      "resolved": "https://registry.npmjs.org/eve-raphael/-/eve-raphael-0.5.0.tgz",
      "integrity": "sha512-jrxnPsCGqng1UZuEp9DecX/AuSyAszATSjf4oEcRxvfxa1Oux4KkIPKBAAWWnpdwfARtr+Q0o9aPYWjsROD7ug=="
    },
    "node_modules/exit": {
      "version": "0.1.2",
      "resolved": "https://registry.npmjs.org/exit/-/exit-0.1.2.tgz",
      "integrity": "sha512-Zk/eNKV2zbjpKzrsQ+n1G6poVbErQxJ0LBOJXaKZ1EViLzH+hrLu9cdXI4zw9dBQJslwBEpbQ2P1oS7nDxs6jQ==",
      "dev": true,
      "engines": {
        "node": ">= 0.8.0"
      }
    },
    "node_modules/flot": {
      "version": "0.8.3",
      "resolved": "https://registry.npmjs.org/flot/-/flot-0.8.3.tgz",
      "integrity": "sha512-xg2otcTJDvS+ERK+my4wxG/ASq90QURXtoM4LhacCq0jQW2jbyjdttbRNqU2cPykrpMvJ6b2uSp6SAgYAzj9tQ=="
    },
    "node_modules/font-awesome": {
      "version": "4.5.0",
      "resolved": "https://registry.npmjs.org/font-awesome/-/font-awesome-4.5.0.tgz",
      "integrity": "sha512-XGGY8CN/NT8e5fKOC/K7CESNQ3+2oYOfZqwZcKgEMtcmTiHtFIH+XZWRoU0HtcdwhtSkpWXLfTIUlTdJ4PhX8A==",
      "engines": {
        "node": ">=0.10.3"
      }
    },
    "node_modules/function-bind": {
      "version": "1.1.1",
      "resolved": "https://registry.npmjs.org/function-bind/-/function-bind-1.1.1.tgz",
      "integrity": "sha512-yIovAzMX49sF8Yl58fSCWJ5svSLuaibPxXQJFLmBObTuCr0Mf1KiPopGM9NiFjiYBCbfaa2Fh6breQ6ANVTI0A=="
    },
    "node_modules/get-intrinsic": {
      "version": "1.2.1",
      "resolved": "https://registry.npmjs.org/get-intrinsic/-/get-intrinsic-1.2.1.tgz",
      "integrity": "sha512-2DcsyfABl+gVHEfCOaTrWgyt+tb6MSEGmKq+kI5HwLbIYgjgmMcV8KQ41uaKz1xxUcn9tJtgFbQUEVcEbd0FYw==",
      "dependencies": {
        "function-bind": "^1.1.1",
        "has": "^1.0.3",
        "has-proto": "^1.0.1",
        "has-symbols": "^1.0.3"
      },
      "funding": {
        "url": "https://github.com/sponsors/ljharb"
      }
    },
    "node_modules/glob": {
      "version": "3.2.11",
      "resolved": "https://registry.npmjs.org/glob/-/glob-3.2.11.tgz",
      "integrity": "sha512-hVb0zwEZwC1FXSKRPFTeOtN7AArJcJlI6ULGLtrstaswKNlrTJqAA+1lYlSUop4vjA423xlBzqfVS3iWGlqJ+g==",
      "dev": true,
      "dependencies": {
        "inherits": "2",
        "minimatch": "0.3"
      },
      "engines": {
        "node": "*"
      }
    },
    "node_modules/handlebars": {
      "version": "4.7.8",
      "resolved": "https://registry.npmjs.org/handlebars/-/handlebars-4.7.8.tgz",
      "integrity": "sha512-vafaFqs8MZkRrSX7sFVUdo3ap/eNiLnb4IakshzvP56X5Nr1iGKAIqdX6tMlm6HcNRIkr6AxO5jFEoJzzpT8aQ==",
      "dependencies": {
        "minimist": "^1.2.5",
        "neo-async": "^2.6.2",
        "source-map": "^0.6.1",
        "wordwrap": "^1.0.0"
      },
      "bin": {
        "handlebars": "bin/handlebars"
      },
      "engines": {
        "node": ">=0.4.7"
      },
      "optionalDependencies": {
        "uglify-js": "^3.1.4"
      }
    },
    "node_modules/has": {
      "version": "1.0.4",
      "resolved": "https://registry.npmjs.org/has/-/has-1.0.4.tgz",
      "integrity": "sha512-qdSAmqLF6209RFj4VVItywPMbm3vWylknmB3nvNiUIs72xAimcM8nVYxYr7ncvZq5qzk9MKIZR8ijqD/1QuYjQ==",
      "engines": {
        "node": ">= 0.4.0"
      }
    },
    "node_modules/has-proto": {
      "version": "1.0.1",
      "resolved": "https://registry.npmjs.org/has-proto/-/has-proto-1.0.1.tgz",
      "integrity": "sha512-7qE+iP+O+bgF9clE5+UoBFzE65mlBiVj3tKCrlNQ0Ogwm0BjpT/gK4SlLYDMybDh5I3TCTKnPPa0oMG7JDYrhg==",
      "engines": {
        "node": ">= 0.4"
      },
      "funding": {
        "url": "https://github.com/sponsors/ljharb"
      }
    },
    "node_modules/has-symbols": {
      "version": "1.0.3",
      "resolved": "https://registry.npmjs.org/has-symbols/-/has-symbols-1.0.3.tgz",
      "integrity": "sha512-l3LCuF6MgDNwTDKkdYGEihYjt5pRPbEg46rtlmnSPlUbgmB8LOIrKJbYYFBSbnPaJexMKtiPO8hmeRjRz2Td+A==",
      "engines": {
        "node": ">= 0.4"
      },
      "funding": {
        "url": "https://github.com/sponsors/ljharb"
      }
    },
    "node_modules/hp-autonomy-about-page": {
      "version": "0.4.0",
      "resolved": "git+ssh://git@github.com/opentext-idol/js-about-page.git#fcb36d3ef47b62b7ed96b97f6c31d56858ebac33",
      "dependencies": {
        "datatables.net": "1.13.6",
        "datatables.net-bs": "1.13.6",
        "datatables.net-plugins": "1.13.6",
        "hp-autonomy-js-whatever": "opentext-idol/jsWhatever#2.13.0"
      }
    },
    "node_modules/hp-autonomy-fieldtext-js": {
      "name": "hp-autonomy-frontend-field-text",
      "resolved": "git+ssh://git@github.com/opentext-idol/fieldtext-js.git#80d1e454b31a62d874bdc6c8f9ec5f9c2dde1a2a",
      "dependencies": {
        "pegjs": "opentext-idol/pegjs#0.10.0",
        "requirejs": "2.3.3",
        "requirejs-text": "2.0.15",
        "underscore": "1.13.6"
      }
    },
    "node_modules/hp-autonomy-js-databases-view": {
      "version": "0.12.0",
      "resolved": "git+ssh://git@github.com/opentext-idol/js-databases-view.git#fa9f1b225e0087a3b225446cc9333f097cfc4924",
      "dependencies": {
        "backbone": "1.2.3",
        "hp-autonomy-js-whatever": "opentext-idol/jsWhatever#2.13.0",
        "jquery": "3.7.1",
        "requirejs": "2.3.3",
        "requirejs-text": "2.0.15",
        "underscore": "1.13.6"
      }
    },
    "node_modules/hp-autonomy-js-parametric-refinement": {
      "version": "2.1.0",
      "resolved": "git+ssh://git@github.com/opentext-idol/js-parametric-refinement.git#7690fac92833cc76144b4977706fbd00b23300b6",
      "dependencies": {
        "backbone": "1.2.3",
        "hp-autonomy-fieldtext-js": "opentext-idol/fieldtext-js#1.7.0",
        "moment": "2.29.4",
        "pegjs": "opentext-idol/pegjs#0.10.0",
        "requirejs": "2.3.3",
        "requirejs-text": "2.0.15",
        "underscore": "1.13.6"
      }
    },
    "node_modules/hp-autonomy-js-testing-utils": {
      "version": "2.4.0",
      "resolved": "git+ssh://git@github.com/opentext-idol/js-testing-utils.git#496b9b75e0846c1fe4b09d28b10953dd139203a9",
      "dev": true,
      "dependencies": {
        "backbone": "1.2.3",
        "jasmine": "2.4.1",
        "jquery": "3.7.1",
        "underscore": "1.13.6"
      }
    },
    "node_modules/hp-autonomy-js-whatever": {
      "name": "hp-autonomy-frontend-javascript-utils",
      "version": "2.13.0",
      "resolved": "git+ssh://git@github.com/opentext-idol/jsWhatever.git#8ff5ab1987528381179263cc8295072df15057c0",
      "dependencies": {
        "backbone": "1.2.3",
        "bootstrap": "3.4.1",
        "jquery": "3.7.1",
        "jquery-steps": "1.1.0",
        "requirejs": "2.3.3",
        "requirejs-text": "2.0.15",
        "store": "1.3.20",
        "underscore": "1.13.6"
      }
    },
    "node_modules/hp-autonomy-login-page": {
      "version": "1.4.0",
      "resolved": "git+ssh://git@github.com/opentext-idol/login-page.git#41ecc9f35ece8360f83c58a11ec3b1c16f7ec59d",
      "dependencies": {
        "backbone": "1.2.3",
        "hp-autonomy-js-whatever": "opentext-idol/jsWhatever#2.13.0",
        "jquery": "3.7.1",
        "requirejs-text": "2.0.15",
        "underscore": "1.13.6"
      }
    },
    "node_modules/hp-autonomy-settings-page": {
      "version": "0.14.0",
      "resolved": "git+ssh://git@github.com/opentext-idol/settings-page.git#862275eb0f719a6c0c01b8f5dba72e8e871fe8ed",
      "dependencies": {
        "backbone": "1.2.3",
        "bootstrap": "3.4.1",
        "hp-autonomy-js-whatever": "opentext-idol/jsWhatever#2.13.0",
        "jquery": "3.7.1",
        "requirejs": "2.3.3",
        "requirejs-text": "2.0.15",
        "underscore": "1.13.6"
      }
    },
    "node_modules/hp-autonomy-sunburst": {
      "version": "2.2.0",
      "resolved": "git+ssh://git@github.com/opentext-idol/sunburst.git#6e3b7edde3a6743b28d07c416118606978040f12",
      "license": "MIT",
      "dependencies": {
        "d3": "3.5.17",
        "jquery": "3.7.1",
        "raphael": "2.3.0",
        "underscore": "1.13.6"
      }
    },
    "node_modules/hp-autonomy-topic-map": {
      "version": "1.6.0",
      "resolved": "git+ssh://git@github.com/opentext-idol/topic-map.git#e8a448575cf4d7c99879aefa919e4dd874c03abf",
      "license": "MIT",
      "dependencies": {
        "d3": "3.5.17",
        "jquery": "3.7.1",
        "raphael": "2.3.0",
        "underscore": "1.13.6"
      }
    },
    "node_modules/html2canvas": {
      "version": "0.4.1",
      "resolved": "git+ssh://git@github.com/niklasvh/html2canvas.git#051576578827a7e7c99d9ec70f654b6f50396dbf",
      "engines": {
        "node": ">=0.8.0"
      }
    },
    "node_modules/icheck": {
      "version": "1.0.2",
      "resolved": "https://registry.npmjs.org/icheck/-/icheck-1.0.2.tgz",
      "integrity": "sha512-1oDqj9ikiH4csFWKZnfbD1S9IY/MqzEt4cir6PIfkT84D/8QYaAZFrplXoyz5eaATmaoawY3KMTkMAO+fP4wGg=="
    },
    "node_modules/inherits": {
      "version": "2.0.4",
      "resolved": "https://registry.npmjs.org/inherits/-/inherits-2.0.4.tgz",
      "integrity": "sha512-k/vGaX4/Yla3WzyMCvTQOXYeIHvqOKtnqBduzTHpzpQZzAskKMhZ2K+EnBiSM9zGSoIFeMpXKxa4dYeZIQqewQ==",
      "dev": true
    },
    "node_modules/jasmine": {
      "version": "2.4.1",
      "resolved": "https://registry.npmjs.org/jasmine/-/jasmine-2.4.1.tgz",
      "integrity": "sha512-U4wURlp+ivBS877MhCWCj2qTLrGftvV9qmGP3AcHxh5K7l9U28+h5Y1E1JUp91ynQ1EBcX6TC/ROdlaACVqdHQ==",
      "dev": true,
      "dependencies": {
        "exit": "^0.1.2",
        "glob": "^3.2.11",
        "jasmine-core": "~2.4.0"
      },
      "bin": {
        "jasmine": "bin/jasmine.js"
      }
    },
    "node_modules/jasmine-ajax": {
      "version": "3.2.0",
      "resolved": "https://registry.npmjs.org/jasmine-ajax/-/jasmine-ajax-3.2.0.tgz",
      "integrity": "sha512-uHjN54GRd9BJgrIqWEZ8f1msAsxrxEBE01HDm4XJMbt123YsoPcTDMP/igjF8XSo9dYzaPbHFdIfh+CZZRrNSQ==",
      "dev": true
    },
    "node_modules/jasmine-core": {
      "version": "2.4.1",
      "resolved": "https://registry.npmjs.org/jasmine-core/-/jasmine-core-2.4.1.tgz",
      "integrity": "sha512-je45tHvlelm8hbkQ+7CYTZx5pVxe5gQP0xUNagQ36jZOYJyVpQaoJPs3Fs45vswj+6TC0LgE0D1mZ2XGcHqJFw==",
      "dev": true
    },
    "node_modules/jasmine-jquery": {
      "version": "2.1.0",
      "resolved": "https://registry.npmjs.org/jasmine-jquery/-/jasmine-jquery-2.1.0.tgz",
      "integrity": "sha512-7JRghYwbub198T/1/Uq5GKYK8lv8Hg6XQTCNnVBYV7sJO5HGpj39EGHvMGfWAaaGAlrYv5xO5gBa1eCqZ/OeRQ==",
      "dev": true
    },
    "node_modules/jquery": {
      "version": "3.7.1",
      "resolved": "https://registry.npmjs.org/jquery/-/jquery-3.7.1.tgz",
      "integrity": "sha512-m4avr8yL8kmFN8psrbFFFmB/If14iN5o9nw/NgnnM+kybDJpRsAynV2BsfpTYrTRysYUdADVD7CkUUizgkpLfg=="
    },
    "node_modules/jquery-steps": {
      "version": "1.1.0",
      "resolved": "https://registry.npmjs.org/jquery-steps/-/jquery-steps-1.1.0.tgz",
      "integrity": "sha512-2ZODN30XpbdNgDiqydOCroTRVUeCBPx927l3p8SG7tsL1kmOkntg/jeiY9fjPqIff0cyelcwL/SZ+5hMaQyVmA=="
    },
    "node_modules/leaflet": {
      "version": "1.0.3",
      "resolved": "https://registry.npmjs.org/leaflet/-/leaflet-1.0.3.tgz",
      "integrity": "sha512-MzG53cU+K9ZdX/Wl4o+/6nyx6Ej/ec7MuMRd/VdAxuT8nltdRTE6ekl+QjavwcXN+SSC3jL2PK+Wn4T/ooWibA=="
    },
    "node_modules/leaflet-draw": {
      "version": "0.4.9",
      "resolved": "https://registry.npmjs.org/leaflet-draw/-/leaflet-draw-0.4.9.tgz",
      "integrity": "sha512-ZLwSHVkxN307xzST2GNEIqu6iOyCV3233wnqG+TrfTEZthH0XwE588cjZDYc8jWmDqB6brgIizdpTXamwVx8XQ=="
    },
    "node_modules/leaflet.awesome-markers": {
      "version": "2.0.5",
      "resolved": "https://registry.npmjs.org/leaflet.awesome-markers/-/leaflet.awesome-markers-2.0.5.tgz",
      "integrity": "sha512-Ne/xDjkGyaujwNVVkv2tyXQUV0ZW7gZ0Mo0FuQY4jp2qWrvXi0hwDBvmZyF/8YOvybyMabTMM/mFWCTd1jZIQA=="
    },
    "node_modules/leaflet.markercluster": {
      "version": "1.0.4",
      "resolved": "https://registry.npmjs.org/leaflet.markercluster/-/leaflet.markercluster-1.0.4.tgz",
      "integrity": "sha512-Tdm7bSjj/uX2P6BP2/XlZwUxgKBAalsI8ajO/bCr3PA80ic6Ovd1RET2xy5QeryaG2/fEosg7V2xFsKohD1fqg=="
    },
    "node_modules/leaflet.markercluster.layersupport": {
      "version": "1.0.3",
      "resolved": "https://registry.npmjs.org/leaflet.markercluster.layersupport/-/leaflet.markercluster.layersupport-1.0.3.tgz",
      "integrity": "sha512-pyPVlCuyLl/9Q4JwBDD8lss4ENoJicVZ5xK2Iwu/rtJbsfclgS0kKHDHezt8xMLqx+89zAuFkz5kIFOITz28/g=="
    },
    "node_modules/lru-cache": {
      "version": "2.7.3",
      "resolved": "https://registry.npmjs.org/lru-cache/-/lru-cache-2.7.3.tgz",
      "integrity": "sha512-WpibWJ60c3AgAz8a2iYErDrcT2C7OmKnsWhIcHOjkUHFjkXncJhtLxNSqUmxRxRunpb5I8Vprd7aNSd2NtksJQ==",
      "dev": true
    },
    "node_modules/metismenu": {
      "version": "2.5.2",
      "resolved": "https://registry.npmjs.org/metismenu/-/metismenu-2.5.2.tgz",
      "integrity": "sha512-1cHyUbWbs+k2PqZm7SzNHxCr8RwmjYrtKRSKYLDrJb8ouyqfW7ekLX/FIMYgUl4/+PmLWtU7GqogHzxyzWUHqw=="
    },
    "node_modules/minimatch": {
      "version": "0.3.0",
      "resolved": "https://registry.npmjs.org/minimatch/-/minimatch-0.3.0.tgz",
      "integrity": "sha512-WFX1jI1AaxNTZVOHLBVazwTWKaQjoykSzCBNXB72vDTCzopQGtyP91tKdFK5cv1+qMwPyiTu1HqUriqplI8pcA==",
      "deprecated": "Please update to minimatch 3.0.2 or higher to avoid a RegExp DoS issue",
      "dev": true,
      "dependencies": {
        "lru-cache": "2",
        "sigmund": "~1.0.0"
      },
      "engines": {
        "node": "*"
      }
    },
    "node_modules/minimist": {
      "version": "1.2.8",
      "resolved": "https://registry.npmjs.org/minimist/-/minimist-1.2.8.tgz",
      "integrity": "sha512-2yyAR8qBkN3YuheJanUpWC5U3bb5osDywNB8RzDVlDwDHbocAJveqqj1u8+SVD7jkWT4yvsHCpWqqWqAxb0zCA==",
      "funding": {
        "url": "https://github.com/sponsors/ljharb"
      }
    },
    "node_modules/moment": {
      "version": "2.29.4",
      "resolved": "https://registry.npmjs.org/moment/-/moment-2.29.4.tgz",
      "integrity": "sha512-5LC9SOxjSc2HF6vO2CyuTDNivEdoz2IvyJJGj6X8DJ0eFyfszE0QiEd+iXmBvUP3WHxSjFH/vIsA0EN00cgr8w==",
      "engines": {
        "node": "*"
      }
    },
    "node_modules/moment-timezone": {
      "version": "0.5.43",
      "resolved": "https://registry.npmjs.org/moment-timezone/-/moment-timezone-0.5.43.tgz",
      "integrity": "sha512-72j3aNyuIsDxdF1i7CEgV2FfxM1r6aaqJyLB2vwb33mXYyoyLly+F1zbWqhA3/bVIoJ4szlUoMbUnVdid32NUQ==",
      "dependencies": {
        "moment": "^2.29.4"
      },
      "engines": {
        "node": "*"
      }
    },
    "node_modules/neo-async": {
      "version": "2.6.2",
      "resolved": "https://registry.npmjs.org/neo-async/-/neo-async-2.6.2.tgz",
      "integrity": "sha512-Yd3UES5mWCSqR+qNT93S3UoYUkqAZ9lLg8a7g9rimsWmYGK8cVToA4/sF3RrshdyV3sAGMXVUmpMYOw+dLpOuw=="
    },
    "node_modules/object-inspect": {
      "version": "1.12.3",
      "resolved": "https://registry.npmjs.org/object-inspect/-/object-inspect-1.12.3.tgz",
      "integrity": "sha512-geUvdk7c+eizMNUDkRpW1wJwgfOiOeHbxBR/hLXK1aT6zmVSO0jsQcs7fj6MGw89jC/cjGfLcNOrtMYtGqm81g==",
      "funding": {
        "url": "https://github.com/sponsors/ljharb"
      }
    },
    "node_modules/pegjs": {
      "version": "0.10.0",
      "resolved": "git+ssh://git@github.com/opentext-idol/pegjs.git#dd2fb02d64c60aef5bdaed0de2171fef1b5f153b",
      "license": "MIT"
    },
    "node_modules/qs": {
      "version": "6.11.0",
      "resolved": "https://registry.npmjs.org/qs/-/qs-6.11.0.tgz",
      "integrity": "sha512-MvjoMCJwEarSbUYk5O+nmoSzSutSsTwF85zcHPQ9OrlFoZOYIjaqBAJIqIXjptyD5vThxGq52Xu/MaJzRkIk4Q==",
      "dependencies": {
        "side-channel": "^1.0.4"
      },
      "engines": {
        "node": ">=0.6"
      },
      "funding": {
        "url": "https://github.com/sponsors/ljharb"
      }
    },
    "node_modules/raphael": {
      "version": "2.3.0",
      "resolved": "https://registry.npmjs.org/raphael/-/raphael-2.3.0.tgz",
      "integrity": "sha512-w2yIenZAQnp257XUWGni4bLMVxpUpcIl7qgxEgDIXtmSypYtlNxfXWpOBxs7LBTps5sDwhRnrToJrMUrivqNTQ==",
      "dependencies": {
        "eve-raphael": "0.5.0"
      }
    },
    "node_modules/requirejs": {
      "version": "2.3.3",
      "resolved": "https://registry.npmjs.org/requirejs/-/requirejs-2.3.3.tgz",
      "integrity": "sha512-kuQhb8OsGwN2fCEBBON7CPoM7ywqx0mABRkKDzOZ64BA4WUigWo7BRvv+rgPWdaLuzIwhYzf+XL/BJFxnm4P9Q==",
      "bin": {
        "r_js": "bin/r.js",
        "r.js": "bin/r.js"
      },
      "engines": {
        "node": ">=0.4.0"
      }
    },
    "node_modules/requirejs-i18n": {
      "name": "i18n",
      "version": "2.0.6",
      "resolved": "git+ssh://git@github.com/requirejs/i18n.git#e08bfb18f0e940a4e9e443ad372f4760cf1e0725",
      "license": "BSD or MIT"
    },
    "node_modules/requirejs-text": {
      "version": "2.0.15",
      "resolved": "https://registry.npmjs.org/requirejs-text/-/requirejs-text-2.0.15.tgz",
      "integrity": "sha512-bY2wBSXj/iuH+cPkKbtxIV9upDOBeE34qzav6xR9BAZ+yYVquGgVIZP+9b9PGNgcAgmI2DzswfwsylZcgDpWrA=="
    },
    "node_modules/side-channel": {
      "version": "1.0.4",
      "resolved": "https://registry.npmjs.org/side-channel/-/side-channel-1.0.4.tgz",
      "integrity": "sha512-q5XPytqFEIKHkGdiMIrY10mvLRvnQh42/+GoBlFW3b2LXLE2xxJpZFdm94we0BaoV3RwJyGqg5wS7epxTv0Zvw==",
      "dependencies": {
        "call-bind": "^1.0.0",
        "get-intrinsic": "^1.0.2",
        "object-inspect": "^1.9.0"
      },
      "funding": {
        "url": "https://github.com/sponsors/ljharb"
      }
    },
    "node_modules/sigmund": {
      "version": "1.0.1",
      "resolved": "https://registry.npmjs.org/sigmund/-/sigmund-1.0.1.tgz",
      "integrity": "sha512-fCvEXfh6NWpm+YSuY2bpXb/VIihqWA6hLsgboC+0nl71Q7N7o2eaCW8mJa/NLvQhs6jpd3VZV4UiUQlV6+lc8g==",
      "dev": true
    },
    "node_modules/source-map": {
      "version": "0.6.1",
      "resolved": "https://registry.npmjs.org/source-map/-/source-map-0.6.1.tgz",
      "integrity": "sha512-UjgapumWlbMhkBgzT7Ykc5YXUT46F0iKu8SGXq0bcwP5dz/h0Plj6enJqjz1Zbq2l5WaqYnrVbwWOWMyF3F47g==",
      "engines": {
        "node": ">=0.10.0"
      }
    },
    "node_modules/store": {
      "version": "1.3.20",
      "resolved": "https://registry.npmjs.org/store/-/store-1.3.20.tgz",
      "integrity": "sha512-dWC6DzK49xjSjUz2Jw7APRMDBSTycmxqS9Acx7LBYW5eQMj79hPNPoPUf9fglXndWzQFZysnMC1tOItrLBVIaQ==",
      "engines": {
        "browser": "*",
        "node": "*"
      }
    },
    "node_modules/uglify-js": {
      "version": "3.17.4",
      "resolved": "https://registry.npmjs.org/uglify-js/-/uglify-js-3.17.4.tgz",
      "integrity": "sha512-T9q82TJI9e/C1TAxYvfb16xO120tMVFZrGA3f9/P4424DNu6ypK103y0GPFVa17yotwSyZW5iYXgjYHkGrJW/g==",
      "optional": true,
      "bin": {
        "uglifyjs": "bin/uglifyjs"
      },
      "engines": {
        "node": ">=0.8.0"
      }
    },
    "node_modules/underscore": {
      "version": "1.13.6",
      "resolved": "https://registry.npmjs.org/underscore/-/underscore-1.13.6.tgz",
      "integrity": "sha512-+A5Sja4HP1M08MaXya7p5LvjuM7K6q/2EaC0+iovj/wOcMsTzMvDFbasi/oSapiwOlt252IqsKqPjCl7huKS0A=="
    },
    "node_modules/uuidjs": {
      "version": "4.2.6",
      "resolved": "https://registry.npmjs.org/uuidjs/-/uuidjs-4.2.6.tgz",
      "integrity": "sha512-MN+qOwkX8k2V4p+qDDUzHc1gvBu1tCCB2p3cjOdMoeGfTUywATUBcQkqqaFR7Snd72FAY7HfBzkoAv7HxoCxuA==",
      "bin": {
        "uuidjs": "bin/cli.js"
      }
    },
    "node_modules/wordwrap": {
      "version": "1.0.0",
      "resolved": "https://registry.npmjs.org/wordwrap/-/wordwrap-1.0.0.tgz",
      "integrity": "sha512-gvVzJFlPycKc5dZN4yPkP8w7Dc37BtP1yczEneOb4uq34pXZcvrtRTmWV8W+Ume+XCxKgbjM+nevkyFPMybd4Q=="
    }
  }
}
